
Microsoft Visual Studio Solution File, Format Version 12.00
# Visual Studio Version 17
VisualStudioVersion = 17.14.36518.9 d17.14
MinimumVisualStudioVersion = 10.0.40219.1
Project("{8BC9CEB8-8B4A-11D0-8D11-00A0C91BC942}") = "ConsoleLibraryApp", "ConsoleLibraryApp.vcxproj", "{DBB3FFF7-EBED-4963-A85B-E6CFE1491E7B}"
EndProject
Global
	GlobalSection(SolutionConfigurationPlatforms) = preSolution
		Debug|x64 = Debug|x64
		Debug|x86 = Debug|x86
		Release|x64 = Release|x64
		Release|x86 = Release|x86
	EndGlobalSection
	GlobalSection(ProjectConfigurationPlatforms) = postSolution
		{DBB3FFF7-EBED-4963-A85B-E6CFE1491E7B}.Debug|x64.ActiveCfg = Debug|x64
		{DBB3FFF7-EBED-4963-A85B-E6CFE1491E7B}.Debug|x64.Build.0 = Debug|x64
		{DBB3FFF7-EBED-4963-A85B-E6CFE1491E7B}.Debug|x86.ActiveCfg = Debug|Win32
		{DBB3FFF7-EBED-4963-A85B-E6CFE1491E7B}.Debug|x86.Build.0 = Debug|Win32
		{DBB3FFF7-EBED-4963-A85B-E6CFE1491E7B}.Release|x64.ActiveCfg = Release|x64
		{DBB3FFF7-EBED-4963-A85B-E6CFE1491E7B}.Release|x64.Build.0 = Release|x64
		{DBB3FFF7-EBED-4963-A85B-E6CFE1491E7B}.Release|x86.ActiveCfg = Release|Win32
		{DBB3FFF7-EBED-4963-A85B-E6CFE1491E7B}.Release|x86.Build.0 = Release|Win32
	EndGlobalSection
	GlobalSection(SolutionProperties) = preSolution
		HideSolutionNode = FALSE
	EndGlobalSection
	GlobalSection(ExtensibilityGlobals) = postSolution
		SolutionGuid = {4C8F5A0E-A19C-4421-936A-6E46BC6A78E7}
	EndGlobalSection
EndGlobal
